
Microsoft Visual Studio Solution File, Format Version 12.00
# Visual Studio 15
Project("{FAE04EC0-301F-11D3-BF4B-00C04F79EFBC}") = "Assembly-CSharp", "Assembly-CSharp.csproj", "{EE6B1693-2A41-FF61-74FA-5F5942661706}"
EndProject
Project("{FAE04EC0-301F-11D3-BF4B-00C04F79EFBC}") = "Assembly-CSharp-Editor", "Assembly-CSharp-Editor.csproj", "{5C773F1B-79F2-CC1E-8A11-C7D5ACE40883}"
EndProject
Global
	GlobalSection(SolutionConfigurationPlatforms) = preSolution
		Debug|Any CPU = Debug|Any CPU
		Release|Any CPU = Release|Any CPU
	EndGlobalSection
	GlobalSection(ProjectConfigurationPlatforms) = postSolution
		{EE6B1693-2A41-FF61-74FA-5F5942661706}.Debug|Any CPU.ActiveCfg = Debug|Any CPU
		{EE6B1693-2A41-FF61-74FA-5F5942661706}.Debug|Any CPU.Build.0 = Debug|Any CPU
		{EE6B1693-2A41-FF61-74FA-5F5942661706}.Release|Any CPU.ActiveCfg = Release|Any CPU
		{EE6B1693-2A41-FF61-74FA-5F5942661706}.Release|Any CPU.Build.0 = Release|Any CPU
		{5C773F1B-79F2-CC1E-8A11-C7D5ACE40883}.Debug|Any CPU.ActiveCfg = Debug|Any CPU
		{5C773F1B-79F2-CC1E-8A11-C7D5ACE40883}.Debug|Any CPU.Build.0 = Debug|Any CPU
		{5C773F1B-79F2-CC1E-8A11-C7D5ACE40883}.Release|Any CPU.ActiveCfg = Release|Any CPU
		{5C773F1B-79F2-CC1E-8A11-C7D5ACE40883}.Release|Any CPU.Build.0 = Release|Any CPU
	EndGlobalSection
	GlobalSection(SolutionProperties) = preSolution
		HideSolutionNode = FALSE
	EndGlobalSection
EndGlobal
